// !$*UTF8*$!
{
	archiveVersion = 1;
	classes = {
	};
	objectVersion = 46;
	objects = {

/* Begin PBXBuildFile section */
		14778AB21942102F0036992F /* AppDelegate.swift in Sources */ = {isa = PBXBuildFile; fileRef = 14778AB11942102F0036992F /* AppDelegate.swift */; };
		14778AB41942102F0036992F /* MasterViewController.swift in Sources */ = {isa = PBXBuildFile; fileRef = 14778AB31942102F0036992F /* MasterViewController.swift */; };
		14778AB61942102F0036992F /* DetailViewController.swift in Sources */ = {isa = PBXBuildFile; fileRef = 14778AB51942102F0036992F /* DetailViewController.swift */; };
		14778AB91942102F0036992F /* Main.storyboard in Resources */ = {isa = PBXBuildFile; fileRef = 14778AB71942102F0036992F /* Main.storyboard */; };
		14778ABB1942102F0036992F /* Images.xcassets in Resources */ = {isa = PBXBuildFile; fileRef = 14778ABA1942102F0036992F /* Images.xcassets */; };
		14778AC71942102F0036992F /* TestSwiftTests.swift in Sources */ = {isa = PBXBuildFile; fileRef = 14778AC61942102F0036992F /* TestSwiftTests.swift */; };
/* End PBXBuildFile section */

/* Begin PBXContainerItemProxy section */
		14778AC11942102F0036992F /* PBXContainerItemProxy */ = {
			isa = PBXContainerItemProxy;
			containerPortal = 14778AA41942102E0036992F /* Project object */;
			proxyType = 1;
			remoteGlobalIDString = 14778AAB1942102E0036992F;
			remoteInfo = TestSwift;
		};
/* End PBXContainerItemProxy section */

/* Begin PBXFileReference section */
		14778AAC1942102F0036992F /* TestSwift.app */ = {isa = PBXFileReference; explicitFileType = wrapper.application; includeInIndex = 0; path = TestSwift.app; sourceTree = BUILT_PRODUCTS_DIR; };
		14778AB01942102F0036992F /* Info.plist */ = {isa = PBXFileReference; lastKnownFileType = text.plist.xml; path = Info.plist; sourceTree = "<group>"; };
		14778AB11942102F0036992F /* AppDelegate.swift */ = {isa = PBXFileReference; lastKnownFileType = sourcecode.swift; path = AppDelegate.swift; sourceTree = "<group>"; };
		14778AB31942102F0036992F /* MasterViewController.swift */ = {isa = PBXFileReference; lastKnownFileType = sourcecode.swift; path = MasterViewController.swift; sourceTree = "<group>"; };
		14778AB51942102F0036992F /* DetailViewController.swift */ = {isa = PBXFileReference; lastKnownFileType = sourcecode.swift; path = DetailViewController.swift; sourceTree = "<group>"; };
		14778AB81942102F0036992F /* Base */ = {isa = PBXFileReference; lastKnownFileType = file.storyboard; name = Base; path = Base.lproj/Main.storyboard; sourceTree = "<group>"; };
		14778ABA1942102F0036992F /* Images.xcassets */ = {isa = PBXFileReference; lastKnownFileType = folder.assetcatalog; path = Images.xcassets; sourceTree = "<group>"; };
		14778AC01942102F0036992F /* TestSwiftTests.xctest */ = {isa = PBXFileReference; explicitFileType = wrapper.cfbundle; includeInIndex = 0; path = TestSwiftTests.xctest; sourceTree = BUILT_PRODUCTS_DIR; };
		14778AC51942102F0036992F /* Info.plist */ = {isa = PBXFileReference; lastKnownFileType = text.plist.xml; path = Info.plist; sourceTree = "<group>"; };
		14778AC61942102F0036992F /* TestSwiftTests.swift */ = {isa = PBXFileReference; lastKnownFileType = sourcecode.swift; path = TestSwiftTests.swift; sourceTree = "<group>"; };
/* End PBXFileReference section */

/* Begin PBXFrameworksBuildPhase section */
		14778AA91942102E0036992F /* Frameworks */ = {
			isa = PBXFrameworksBuildPhase;
			buildActionMask = 2147483647;
			files = (
			);
			runOnlyForDeploymentPostprocessing = 0;
		};
		14778ABD1942102F0036992F /* Frameworks */ = {
			isa = PBXFrameworksBuildPhase;
			buildActionMask = 2147483647;
			files = (
			);
			runOnlyForDeploymentPostprocessing = 0;
		};
/* End PBXFrameworksBuildPhase section */

/* Begin PBXGroup section */
		14778AA31942102E0036992F = {
			isa = PBXGroup;
			children = (
				14778AAE1942102F0036992F /* TestSwift */,
				14778AC31942102F0036992F /* TestSwiftTests */,
				14778AAD1942102F0036992F /* Products */,
			);
			sourceTree = "<group>";
		};
		14778AAD1942102F0036992F /* Products */ = {
			isa = PBXGroup;
			children = (
				14778AAC1942102F0036992F /* TestSwift.app */,
				14778AC01942102F0036992F /* TestSwiftTests.xctest */,
			);
			name = Products;
			sourceTree = "<group>";
		};
		14778AAE1942102F0036992F /* TestSwift */ = {
			isa = PBXGroup;
			children = (
				14778AB11942102F0036992F /* AppDelegate.swift */,
				14778AB31942102F0036992F /* MasterViewController.swift */,
				14778AB51942102F0036992F /* DetailViewController.swift */,
				14778AB71942102F0036992F /* Main.storyboard */,
				14778ABA1942102F0036992F /* Images.xcassets */,
				14778AAF1942102F0036992F /* Supporting Files */,
			);
			path = TestSwift;
			sourceTree = "<group>";
		};
		14778AAF1942102F0036992F /* Supporting Files */ = {
			isa = PBXGroup;
			children = (
				14778AB01942102F0036992F /* Info.plist */,
			);
			name = "Supporting Files";
			sourceTree = "<group>";
		};
		14778AC31942102F0036992F /* TestSwiftTests */ = {
			isa = PBXGroup;
			children = (
				14778AC61942102F0036992F /* TestSwiftTests.swift */,
				14778AC41942102F0036992F /* Supporting Files */,
			);
			path = TestSwiftTests;
			sourceTree = "<group>";
		};
		14778AC41942102F0036992F /* Supporting Files */ = {
			isa = PBXGroup;
			children = (
				14778AC51942102F0036992F /* Info.plist */,
			);
			name = "Supporting Files";
			sourceTree = "<group>";
		};
/* End PBXGroup section */

/* Begin PBXNativeTarget section */
		14778AAB1942102E0036992F /* TestSwift */ = {
			isa = PBXNativeTarget;
			buildConfigurationList = 14778ACA1942102F0036992F /* Build configuration list for PBXNativeTarget "TestSwift" */;
			buildPhases = (
				14778AA81942102E0036992F /* Sources */,
				14778AA91942102E0036992F /* Frameworks */,
				14778AAA1942102E0036992F /* Resources */,
			);
			buildRules = (
			);
			dependencies = (
			);
			name = TestSwift;
			productName = TestSwift;
			productReference = 14778AAC1942102F0036992F /* TestSwift.app */;
			productType = "com.apple.product-type.application";
		};
		14778ABF1942102F0036992F /* TestSwiftTests */ = {
			isa = PBXNativeTarget;
			buildConfigurationList = 14778ACD194210300036992F /* Build configuration list for PBXNativeTarget "TestSwiftTests" */;
			buildPhases = (
				14778ABC1942102F0036992F /* Sources */,
				14778ABD1942102F0036992F /* Frameworks */,
				14778ABE1942102F0036992F /* Resources */,
			);
			buildRules = (
			);
			dependencies = (
				14778AC21942102F0036992F /* PBXTargetDependency */,
			);
			name = TestSwiftTests;
			productName = TestSwiftTests;
			productReference = 14778AC01942102F0036992F /* TestSwiftTests.xctest */;
			productType = "com.apple.product-type.bundle.unit-test";
		};
/* End PBXNativeTarget section */

/* Begin PBXProject section */
		14778AA41942102E0036992F /* Project object */ = {
			isa = PBXProject;
			attributes = {
				LastUpgradeCheck = 0600;
				ORGANIZATIONNAME = iceboxi;
				TargetAttributes = {
					14778AAB1942102E0036992F = {
						CreatedOnToolsVersion = 6.0;
					};
					14778ABF1942102F0036992F = {
						CreatedOnToolsVersion = 6.0;
						TestTargetID = 14778AAB1942102E0036992F;
					};
				};
			};
			buildConfigurationList = 14778AA71942102E0036992F /* Build configuration list for PBXProject "TestSwift" */;
			compatibilityVersion = "Xcode 3.2";
			developmentRegion = English;
			hasScannedForEncodings = 0;
			knownRegions = (
				en,
				Base,
			);
			mainGroup = 14778AA31942102E0036992F;
			productRefGroup = 14778AAD1942102F0036992F /* Products */;
			projectDirPath = "";
			projectRoot = "";
			targets = (
				14778AAB1942102E0036992F /* TestSwift */,
				14778ABF1942102F0036992F /* TestSwiftTests */,
			);
		};
/* End PBXProject section */

/* Begin PBXResourcesBuildPhase section */
		14778AAA1942102E0036992F /* Resources */ = {
			isa = PBXResourcesBuildPhase;
			buildActionMask = 2147483647;
			files = (
				14778AB91942102F0036992F /* Main.storyboard in Resources */,
				14778ABB1942102F0036992F /* Images.xcassets in Resources */,
			);
			runOnlyForDeploymentPostprocessing = 0;
		};
		14778ABE1942102F0036992F /* Resources */ = {
			isa = PBXResourcesBuildPhase;
			buildActionMask = 2147483647;
			files = (
			);
			runOnlyForDeploymentPostprocessing = 0;
		};
/* End PBXResourcesBuildPhase section */

/* Begin PBXSourcesBuildPhase section */
		14778AA81942102E0036992F /* Sources */ = {
			isa = PBXSourcesBuildPhase;
			buildActionMask = 2147483647;
			files = (
				14778AB61942102F0036992F /* DetailViewController.swift in Sources */,
				14778AB41942102F0036992F /* MasterViewController.swift in Sources */,
				14778AB21942102F0036992F /* AppDelegate.swift in Sources */,
			);
			runOnlyForDeploymentPostprocessing = 0;
		};
		14778ABC1942102F0036992F /* Sources */ = {
			isa = PBXSourcesBuildPhase;
			buildActionMask = 2147483647;
			files = (
				14778AC71942102F0036992F /* TestSwiftTests.swift in Sources */,
			);
			runOnlyForDeploymentPostprocessing = 0;
		};
/* End PBXSourcesBuildPhase section */

/* Begin PBXTargetDependency section */
		14778AC21942102F0036992F /* PBXTargetDependency */ = {
			isa = PBXTargetDependency;
			target = 14778AAB1942102E0036992F /* TestSwift */;
			targetProxy = 14778AC11942102F0036992F /* PBXContainerItemProxy */;
		};
/* End PBXTargetDependency section */

/* Begin PBXVariantGroup section */
		14778AB71942102F0036992F /* Main.storyboard */ = {
			isa = PBXVariantGroup;
			children = (
				14778AB81942102F0036992F /* Base */,
			);
			name = Main.storyboard;
			sourceTree = "<group>";
		};
/* End PBXVariantGroup section */

/* Begin XCBuildConfiguration section */
		14778AC81942102F0036992F /* Debug */ = {
			isa = XCBuildConfiguration;
			buildSettings = {
				ALWAYS_SEARCH_USER_PATHS = NO;
				CLANG_CXX_LANGUAGE_STANDARD = "gnu++0x";
				CLANG_CXX_LIBRARY = "libc++";
				CLANG_ENABLE_MODULES = YES;
				CLANG_ENABLE_OBJC_ARC = YES;
				CLANG_WARN_BOOL_CONVERSION = YES;
				CLANG_WARN_CONSTANT_CONVERSION = YES;
				CLANG_WARN_DIRECT_OBJC_ISA_USAGE = YES_ERROR;
				CLANG_WARN_EMPTY_BODY = YES;
				CLANG_WARN_ENUM_CONVERSION = YES;
				CLANG_WARN_INT_CONVERSION = YES;
				CLANG_WARN_OBJC_ROOT_CLASS = YES_ERROR;
				CLANG_WARN_UNREACHABLE_CODE = YES;
				CLANG_WARN__DUPLICATE_METHOD_MATCH = YES;
				"CODE_SIGN_IDENTITY[sdk=iphoneos*]" = "iPhone Developer";
				COPY_PHASE_STRIP = NO;
				ENABLE_STRICT_OBJC_MSGSEND = YES;
				GCC_C_LANGUAGE_STANDARD = gnu99;
				GCC_DYNAMIC_NO_PIC = NO;
				GCC_OPTIMIZATION_LEVEL = 0;
				GCC_PREPROCESSOR_DEFINITIONS = (
					"DEBUG=1",
					"$(inherited)",
				);
				GCC_SYMBOLS_PRIVATE_EXTERN = NO;
				GCC_WARN_64_TO_32_BIT_CONVERSION = YES;
				GCC_WARN_ABOUT_RETURN_TYPE = YES_ERROR;
				GCC_WARN_UNDECLARED_SELECTOR = YES;
				GCC_WARN_UNINITIALIZED_AUTOS = YES_AGGRESSIVE;
				GCC_WARN_UNUSED_FUNCTION = YES;
				GCC_WARN_UNUSED_VARIABLE = YES;
				IPHONEOS_DEPLOYMENT_TARGET = 8.0;
				METAL_ENABLE_DEBUG_INFO = YES;
				ONLY_ACTIVE_ARCH = YES;
				SDKROOT = iphoneos;
				SWIFT_OPTIMIZATION_LEVEL = "-Onone";
			};
			name = Debug;
		};
		14778AC91942102F0036992F /* Release */ = {
			isa = XCBuildConfiguration;
			buildSettings = {
				ALWAYS_SEARCH_USER_PATHS = NO;
				CLANG_CXX_LANGUAGE_STANDARD = "gnu++0x";
				CLANG_CXX_LIBRARY = "libc++";
				CLANG_ENABLE_MODULES = YES;
				CLANG_ENABLE_OBJC_ARC = YES;
				CLANG_WARN_BOOL_CONVERSION = YES;
				CLANG_WARN_CONSTANT_CONVERSION = YES;
				CLANG_WARN_DIRECT_OBJC_ISA_USAGE = YES_ERROR;
				CLANG_WARN_EMPTY_BODY = YES;
				CLANG_WARN_ENUM_CONVERSION = YES;
				CLANG_WARN_INT_CONVERSION = YES;
				CLANG_WARN_OBJC_ROOT_CLASS = YES_ERROR;
				CLANG_WARN_UNREACHABLE_CODE = YES;
				CLANG_WARN__DUPLICATE_METHOD_MATCH = YES;
				"CODE_SIGN_IDENTITY[sdk=iphoneos*]" = "iPhone Developer";
				COPY_PHASE_STRIP = YES;
				ENABLE_NS_ASSERTIONS = NO;
				ENABLE_STRICT_OBJC_MSGSEND = YES;
				GCC_C_LANGUAGE_STANDARD = gnu99;
				GCC_WARN_64_TO_32_BIT_CONVERSION = YES;
				GCC_WARN_ABOUT_RETURN_TYPE = YES_ERROR;
				GCC_WARN_UNDECLARED_SELECTOR = YES;
				GCC_WARN_UNINITIALIZED_AUTOS = YES_AGGRESSIVE;
				GCC_WARN_UNUSED_FUNCTION = YES;
				GCC_WARN_UNUSED_VARIABLE = YES;
				IPHONEOS_DEPLOYMENT_TARGET = 8.0;
				METAL_ENABLE_DEBUG_INFO = NO;
				SDKROOT = iphoneos;
				VALIDATE_PRODUCT = YES;
			};
			name = Release;
		};
		14778ACB1942102F0036992F /* Debug */ = {
			isa = XCBuildConfiguration;
			buildSettings = {
				ASSETCATALOG_COMPILER_APPICON_NAME = AppIcon;
				ASSETCATALOG_COMPILER_LAUNCHIMAGE_NAME = LaunchImage;
				INFOPLIST_FILE = TestSwift/Info.plist;
				LD_RUNPATH_SEARCH_PATHS = "$(inherited) @executable_path/Frameworks";
				PRODUCT_NAME = "$(TARGET_NAME)";
			};
			name = Debug;
		};
		14778ACC194210300036992F /* Release */ = {
			isa = XCBuildConfiguration;
			buildSettings = {
				ASSETCATALOG_COMPILER_APPICON_NAME = AppIcon;
				ASSETCATALOG_COMPILER_LAUNCHIMAGE_NAME = LaunchImage;
				INFOPLIST_FILE = TestSwift/Info.plist;
				LD_RUNPATH_SEARCH_PATHS = "$(inherited) @executable_path/Frameworks";
				PRODUCT_NAME = "$(TARGET_NAME)";
			};
			name = Release;
		};
		14778ACE194210300036992F /* Debug */ = {
			isa = XCBuildConfiguration;
			buildSettings = {
				BUNDLE_LOADER = "$(BUILT_PRODUCTS_DIR)/TestSwift.app/TestSwift";
				FRAMEWORK_SEARCH_PATHS = (
					"$(SDKROOT)/Developer/Library/Frameworks",
					"$(inherited)",
				);
				GCC_PREPROCESSOR_DEFINITIONS = (
					"DEBUG=1",
					"$(inherited)",
				);
				INFOPLIST_FILE = TestSwiftTests/Info.plist;
				LD_RUNPATH_SEARCH_PATHS = "$(inherited) @executable_path/Frameworks @loader_path/Frameworks";
				METAL_ENABLE_DEBUG_INFO = YES;
				PRODUCT_NAME = "$(TARGET_NAME)";
				TEST_HOST = "$(BUNDLE_LOADER)";
			};
			name = Debug;
		};
		14778ACF194210300036992F /* Release */ = {
			isa = XCBuildConfiguration;
			buildSettings = {
				BUNDLE_LOADER = "$(BUILT_PRODUCTS_DIR)/TestSwift.app/TestSwift";
				FRAMEWORK_SEARCH_PATHS = (
					"$(SDKROOT)/Developer/Library/Frameworks",
					"$(inherited)",
				);
				INFOPLIST_FILE = TestSwiftTests/Info.plist;
				LD_RUNPATH_SEARCH_PATHS = "$(inherited) @executable_path/Frameworks @loader_path/Frameworks";
				METAL_ENABLE_DEBUG_INFO = NO;
				PRODUCT_NAME = "$(TARGET_NAME)";
				TEST_HOST = "$(BUNDLE_LOADER)";
			};
			name = Release;
		};
/* End XCBuildConfiguration section */

/* Begin XCConfigurationList section */
		14778AA71942102E0036992F /* Build configuration list for PBXProject "TestSwift" */ = {
			isa = XCConfigurationList;
			buildConfigurations = (
				14778AC81942102F0036992F /* Debug */,
				14778AC91942102F0036992F /* Release */,
			);
			defaultConfigurationIsVisible = 0;
			defaultConfigurationName = Release;
		};
		14778ACA1942102F0036992F /* Build configuration list for PBXNativeTarget "TestSwift" */ = {
			isa = XCConfigurationList;
			buildConfigurations = (
				14778ACB1942102F0036992F /* Debug */,
				14778ACC194210300036992F /* Release */,
			);
			defaultConfigurationIsVisible = 0;
		};
		14778ACD194210300036992F /* Build configuration list for PBXNativeTarget "TestSwiftTests" */ = {
			isa = XCConfigurationList;
			buildConfigurations = (
				14778ACE194210300036992F /* Debug */,
				14778ACF194210300036992F /* Release */,
			);
			defaultConfigurationIsVisible = 0;
		};
/* End XCConfigurationList section */
	};
	rootObject = 14778AA41942102E0036992F /* Project object */;
}
